// !$*UTF8*$!
{
	archiveVersion = 1;
	classes = {
	};
	objectVersion = 48;
	objects = {

/* Begin PBXBuildFile section */
		0A725167A218F3C3F4F5B50B /* Pods_Breakpoint.framework in Frameworks */ = {isa = PBXBuildFile; fileRef = 6C86655C3A4C87840AB96899 /* Pods_Breakpoint.framework */; };
		27372F751FF3041900944197 /* InsetTextField.swift in Sources */ = {isa = PBXBuildFile; fileRef = 27372F741FF3041900944197 /* InsetTextField.swift */; };
		27372F7B1FF31E3900944197 /* ShadowView.swift in Sources */ = {isa = PBXBuildFile; fileRef = 27372F7A1FF31E3900944197 /* ShadowView.swift */; };
		273C604B1FF6D4A10020F201 /* UserCell.swift in Sources */ = {isa = PBXBuildFile; fileRef = 273C604A1FF6D4A10020F201 /* UserCell.swift */; };
		273C604E1FF6DDE90020F201 /* CreateGroupViewControllerExtension.swift in Sources */ = {isa = PBXBuildFile; fileRef = 273C604D1FF6DDE90020F201 /* CreateGroupViewControllerExtension.swift */; };
		27937ADC1FF46751001A6006 /* CreateGroupViewController.swift in Sources */ = {isa = PBXBuildFile; fileRef = 27937ADB1FF46751001A6006 /* CreateGroupViewController.swift */; };
		279FBCB91FF7065E00D310A3 /* GroupCell.swift in Sources */ = {isa = PBXBuildFile; fileRef = 279FBCB81FF7065E00D310A3 /* GroupCell.swift */; };
		279FBCBB1FF7073800D310A3 /* GroupsViewControllerExtension.swift in Sources */ = {isa = PBXBuildFile; fileRef = 279FBCBA1FF7073800D310A3 /* GroupsViewControllerExtension.swift */; };
		27F07E551FF3B15A00EB5F69 /* AuthenticationService.swift in Sources */ = {isa = PBXBuildFile; fileRef = 27F07E541FF3B15A00EB5F69 /* AuthenticationService.swift */; };
		27F07E5A1FF3B79D00EB5F69 /* FeedViewController.swift in Sources */ = {isa = PBXBuildFile; fileRef = 27F07E581FF3B79D00EB5F69 /* FeedViewController.swift */; };
		27F07E5E1FF3B7B900EB5F69 /* GroupsViewController.swift in Sources */ = {isa = PBXBuildFile; fileRef = 27F07E5C1FF3B7B900EB5F69 /* GroupsViewController.swift */; };
		27F07E621FF3C12400EB5F69 /* FirstStoryboard.storyboard in Resources */ = {isa = PBXBuildFile; fileRef = 27F07E611FF3C12400EB5F69 /* FirstStoryboard.storyboard */; };
		27F07E641FF3DAC800EB5F69 /* LoginViewControllerExtension.swift in Sources */ = {isa = PBXBuildFile; fileRef = 27F07E631FF3DAC800EB5F69 /* LoginViewControllerExtension.swift */; };
		27F07E681FF3E74D00EB5F69 /* ProfileViewController.swift in Sources */ = {isa = PBXBuildFile; fileRef = 27F07E671FF3E74D00EB5F69 /* ProfileViewController.swift */; };
		27F07E6C1FF3EC9600EB5F69 /* PostMessageViewController.swift in Sources */ = {isa = PBXBuildFile; fileRef = 27F07E6A1FF3EC9600EB5F69 /* PostMessageViewController.swift */; };
		27F07E6D1FF3EC9600EB5F69 /* PostMessageViewController.xib in Resources */ = {isa = PBXBuildFile; fileRef = 27F07E6B1FF3EC9600EB5F69 /* PostMessageViewController.xib */; };
		27F07E6F1FF3F6C300EB5F69 /* PostMessageViewControllerExtension.swift in Sources */ = {isa = PBXBuildFile; fileRef = 27F07E6E1FF3F6C300EB5F69 /* PostMessageViewControllerExtension.swift */; };
		27F07E711FF3F9D500EB5F69 /* UIViewExtension.swift in Sources */ = {isa = PBXBuildFile; fileRef = 27F07E701FF3F9D500EB5F69 /* UIViewExtension.swift */; };
		27F07E731FF4007500EB5F69 /* FeedTableViewCell.swift in Sources */ = {isa = PBXBuildFile; fileRef = 27F07E721FF4007500EB5F69 /* FeedTableViewCell.swift */; };
		27F07E761FF4095C00EB5F69 /* Message.swift in Sources */ = {isa = PBXBuildFile; fileRef = 27F07E751FF4095C00EB5F69 /* Message.swift */; };
		27F07E791FF4158900EB5F69 /* FeedViewControllerExtension.swift in Sources */ = {isa = PBXBuildFile; fileRef = 27F07E781FF4158900EB5F69 /* FeedViewControllerExtension.swift */; };
		27F7181A1FF2992200B14EE1 /* AppDelegate.swift in Sources */ = {isa = PBXBuildFile; fileRef = 27F718191FF2992200B14EE1 /* AppDelegate.swift */; };
		27F718231FF2992200B14EE1 /* Assets.xcassets in Resources */ = {isa = PBXBuildFile; fileRef = 27F718221FF2992200B14EE1 /* Assets.xcassets */; };
		27F718261FF2992200B14EE1 /* LaunchScreen.storyboard in Resources */ = {isa = PBXBuildFile; fileRef = 27F718241FF2992200B14EE1 /* LaunchScreen.storyboard */; };
		27F718321FF29BAF00B14EE1 /* GoogleService-Info.plist in Resources */ = {isa = PBXBuildFile; fileRef = 27F718311FF29BAF00B14EE1 /* GoogleService-Info.plist */; };
		27F718341FF2A22800B14EE1 /* DataService.swift in Sources */ = {isa = PBXBuildFile; fileRef = 27F718331FF2A22800B14EE1 /* DataService.swift */; };
		27F718371FF2C21200B14EE1 /* AuthenticationViewController.swift in Sources */ = {isa = PBXBuildFile; fileRef = 27F718351FF2C21200B14EE1 /* AuthenticationViewController.swift */; };
		27F718381FF2C21200B14EE1 /* AuthenticationViewController.xib in Resources */ = {isa = PBXBuildFile; fileRef = 27F718361FF2C21200B14EE1 /* AuthenticationViewController.xib */; };
		27F7183C1FF2C6AF00B14EE1 /* LoginViewController.swift in Sources */ = {isa = PBXBuildFile; fileRef = 27F7183A1FF2C6AF00B14EE1 /* LoginViewController.swift */; };
		27F7183D1FF2C6AF00B14EE1 /* LoginViewController.xib in Resources */ = {isa = PBXBuildFile; fileRef = 27F7183B1FF2C6AF00B14EE1 /* LoginViewController.xib */; };
/* End PBXBuildFile section */

/* Begin PBXFileReference section */
		27372F741FF3041900944197 /* InsetTextField.swift */ = {isa = PBXFileReference; lastKnownFileType = sourcecode.swift; path = InsetTextField.swift; sourceTree = "<group>"; };
		27372F7A1FF31E3900944197 /* ShadowView.swift */ = {isa = PBXFileReference; lastKnownFileType = sourcecode.swift; path = ShadowView.swift; sourceTree = "<group>"; };
		273C604A1FF6D4A10020F201 /* UserCell.swift */ = {isa = PBXFileReference; lastKnownFileType = sourcecode.swift; path = UserCell.swift; sourceTree = "<group>"; };
		273C604D1FF6DDE90020F201 /* CreateGroupViewControllerExtension.swift */ = {isa = PBXFileReference; lastKnownFileType = sourcecode.swift; path = CreateGroupViewControllerExtension.swift; sourceTree = "<group>"; };
		27937ADB1FF46751001A6006 /* CreateGroupViewController.swift */ = {isa = PBXFileReference; lastKnownFileType = sourcecode.swift; path = CreateGroupViewController.swift; sourceTree = "<group>"; };
		279FBCB81FF7065E00D310A3 /* GroupCell.swift */ = {isa = PBXFileReference; lastKnownFileType = sourcecode.swift; path = GroupCell.swift; sourceTree = "<group>"; };
		279FBCBA1FF7073800D310A3 /* GroupsViewControllerExtension.swift */ = {isa = PBXFileReference; lastKnownFileType = sourcecode.swift; path = GroupsViewControllerExtension.swift; sourceTree = "<group>"; };
		27F07E541FF3B15A00EB5F69 /* AuthenticationService.swift */ = {isa = PBXFileReference; lastKnownFileType = sourcecode.swift; path = AuthenticationService.swift; sourceTree = "<group>"; };
		27F07E581FF3B79D00EB5F69 /* FeedViewController.swift */ = {isa = PBXFileReference; lastKnownFileType = sourcecode.swift; path = FeedViewController.swift; sourceTree = "<group>"; };
		27F07E5C1FF3B7B900EB5F69 /* GroupsViewController.swift */ = {isa = PBXFileReference; lastKnownFileType = sourcecode.swift; path = GroupsViewController.swift; sourceTree = "<group>"; };
		27F07E611FF3C12400EB5F69 /* FirstStoryboard.storyboard */ = {isa = PBXFileReference; lastKnownFileType = file.storyboard; path = FirstStoryboard.storyboard; sourceTree = "<group>"; };
		27F07E631FF3DAC800EB5F69 /* LoginViewControllerExtension.swift */ = {isa = PBXFileReference; lastKnownFileType = sourcecode.swift; path = LoginViewControllerExtension.swift; sourceTree = "<group>"; };
		27F07E671FF3E74D00EB5F69 /* ProfileViewController.swift */ = {isa = PBXFileReference; lastKnownFileType = sourcecode.swift; path = ProfileViewController.swift; sourceTree = "<group>"; };
		27F07E6A1FF3EC9600EB5F69 /* PostMessageViewController.swift */ = {isa = PBXFileReference; lastKnownFileType = sourcecode.swift; path = PostMessageViewController.swift; sourceTree = "<group>"; };
		27F07E6B1FF3EC9600EB5F69 /* PostMessageViewController.xib */ = {isa = PBXFileReference; lastKnownFileType = file.xib; path = PostMessageViewController.xib; sourceTree = "<group>"; };
		27F07E6E1FF3F6C300EB5F69 /* PostMessageViewControllerExtension.swift */ = {isa = PBXFileReference; lastKnownFileType = sourcecode.swift; path = PostMessageViewControllerExtension.swift; sourceTree = "<group>"; };
		27F07E701FF3F9D500EB5F69 /* UIViewExtension.swift */ = {isa = PBXFileReference; lastKnownFileType = sourcecode.swift; path = UIViewExtension.swift; sourceTree = "<group>"; };
		27F07E721FF4007500EB5F69 /* FeedTableViewCell.swift */ = {isa = PBXFileReference; lastKnownFileType = sourcecode.swift; path = FeedTableViewCell.swift; sourceTree = "<group>"; };
		27F07E751FF4095C00EB5F69 /* Message.swift */ = {isa = PBXFileReference; lastKnownFileType = sourcecode.swift; path = Message.swift; sourceTree = "<group>"; };
		27F07E781FF4158900EB5F69 /* FeedViewControllerExtension.swift */ = {isa = PBXFileReference; lastKnownFileType = sourcecode.swift; path = FeedViewControllerExtension.swift; sourceTree = "<group>"; };
		27F718161FF2992200B14EE1 /* Breakpoint.app */ = {isa = PBXFileReference; explicitFileType = wrapper.application; includeInIndex = 0; path = Breakpoint.app; sourceTree = BUILT_PRODUCTS_DIR; };
		27F718191FF2992200B14EE1 /* AppDelegate.swift */ = {isa = PBXFileReference; lastKnownFileType = sourcecode.swift; path = AppDelegate.swift; sourceTree = "<group>"; };
		27F718221FF2992200B14EE1 /* Assets.xcassets */ = {isa = PBXFileReference; lastKnownFileType = folder.assetcatalog; path = Assets.xcassets; sourceTree = "<group>"; };
		27F718251FF2992200B14EE1 /* Base */ = {isa = PBXFileReference; lastKnownFileType = file.storyboard; name = Base; path = Base.lproj/LaunchScreen.storyboard; sourceTree = "<group>"; };
		27F718271FF2992200B14EE1 /* Info.plist */ = {isa = PBXFileReference; lastKnownFileType = text.plist.xml; path = Info.plist; sourceTree = "<group>"; };
		27F718311FF29BAF00B14EE1 /* GoogleService-Info.plist */ = {isa = PBXFileReference; fileEncoding = 4; lastKnownFileType = text.plist.xml; path = "GoogleService-Info.plist"; sourceTree = "<group>"; };
		27F718331FF2A22800B14EE1 /* DataService.swift */ = {isa = PBXFileReference; lastKnownFileType = sourcecode.swift; path = DataService.swift; sourceTree = "<group>"; };
		27F718351FF2C21200B14EE1 /* AuthenticationViewController.swift */ = {isa = PBXFileReference; lastKnownFileType = sourcecode.swift; path = AuthenticationViewController.swift; sourceTree = "<group>"; };
		27F718361FF2C21200B14EE1 /* AuthenticationViewController.xib */ = {isa = PBXFileReference; lastKnownFileType = file.xib; path = AuthenticationViewController.xib; sourceTree = "<group>"; };
		27F7183A1FF2C6AF00B14EE1 /* LoginViewController.swift */ = {isa = PBXFileReference; lastKnownFileType = sourcecode.swift; path = LoginViewController.swift; sourceTree = "<group>"; };
		27F7183B1FF2C6AF00B14EE1 /* LoginViewController.xib */ = {isa = PBXFileReference; lastKnownFileType = file.xib; path = LoginViewController.xib; sourceTree = "<group>"; };
		6C86655C3A4C87840AB96899 /* Pods_Breakpoint.framework */ = {isa = PBXFileReference; explicitFileType = wrapper.framework; includeInIndex = 0; path = Pods_Breakpoint.framework; sourceTree = BUILT_PRODUCTS_DIR; };
		B173B519C59C0CC4AD45F7E5 /* Pods-Breakpoint.release.xcconfig */ = {isa = PBXFileReference; includeInIndex = 1; lastKnownFileType = text.xcconfig; name = "Pods-Breakpoint.release.xcconfig"; path = "Pods/Target Support Files/Pods-Breakpoint/Pods-Breakpoint.release.xcconfig"; sourceTree = "<group>"; };
		ED6A85F9BDC172A2AD8B0D22 /* Pods-Breakpoint.debug.xcconfig */ = {isa = PBXFileReference; includeInIndex = 1; lastKnownFileType = text.xcconfig; name = "Pods-Breakpoint.debug.xcconfig"; path = "Pods/Target Support Files/Pods-Breakpoint/Pods-Breakpoint.debug.xcconfig"; sourceTree = "<group>"; };
/* End PBXFileReference section */

/* Begin PBXFrameworksBuildPhase section */
		27F718131FF2992200B14EE1 /* Frameworks */ = {
			isa = PBXFrameworksBuildPhase;
			buildActionMask = 2147483647;
			files = (
				0A725167A218F3C3F4F5B50B /* Pods_Breakpoint.framework in Frameworks */,
			);
			runOnlyForDeploymentPostprocessing = 0;
		};
/* End PBXFrameworksBuildPhase section */

/* Begin PBXGroup section */
		27372F731FF3040000944197 /* Cocoa Touches */ = {
			isa = PBXGroup;
			children = (
				27372F741FF3041900944197 /* InsetTextField.swift */,
				27372F7A1FF31E3900944197 /* ShadowView.swift */,
				27F07E721FF4007500EB5F69 /* FeedTableViewCell.swift */,
				273C604A1FF6D4A10020F201 /* UserCell.swift */,
				279FBCB81FF7065E00D310A3 /* GroupCell.swift */,
			);
			path = "Cocoa Touches";
			sourceTree = "<group>";
		};
		27F07E601FF3C0DA00EB5F69 /* Storyboards */ = {
			isa = PBXGroup;
			children = (
				27F07E611FF3C12400EB5F69 /* FirstStoryboard.storyboard */,
			);
			path = Storyboards;
			sourceTree = "<group>";
		};
		27F07E771FF4157100EB5F69 /* Controllers */ = {
			isa = PBXGroup;
			children = (
				27F07E631FF3DAC800EB5F69 /* LoginViewControllerExtension.swift */,
				27F07E6E1FF3F6C300EB5F69 /* PostMessageViewControllerExtension.swift */,
				27F07E781FF4158900EB5F69 /* FeedViewControllerExtension.swift */,
				273C604D1FF6DDE90020F201 /* CreateGroupViewControllerExtension.swift */,
				279FBCBA1FF7073800D310A3 /* GroupsViewControllerExtension.swift */,
			);
			path = Controllers;
			sourceTree = "<group>";
		};
		27F7180D1FF2992200B14EE1 = {
			isa = PBXGroup;
			children = (
				27F718181FF2992200B14EE1 /* Breakpoint */,
				27F718171FF2992200B14EE1 /* Products */,
				FE954104440F9626C824DED2 /* Pods */,
				F8EA882DEA122106B80B53E8 /* Frameworks */,
			);
			sourceTree = "<group>";
		};
		27F718171FF2992200B14EE1 /* Products */ = {
			isa = PBXGroup;
			children = (
				27F718161FF2992200B14EE1 /* Breakpoint.app */,
			);
			name = Products;
			sourceTree = "<group>";
		};
		27F718181FF2992200B14EE1 /* Breakpoint */ = {
			isa = PBXGroup;
			children = (
				27F07E601FF3C0DA00EB5F69 /* Storyboards */,
				27372F731FF3040000944197 /* Cocoa Touches */,
				27F718391FF2C21700B14EE1 /* XIBs */,
				27F718311FF29BAF00B14EE1 /* GoogleService-Info.plist */,
				27F718301FF29A1600B14EE1 /* Services */,
				27F7182F1FF299E400B14EE1 /* Extensions */,
				27F7182E1FF299D100B14EE1 /* Models */,
				27F7182D1FF299B700B14EE1 /* Controllers */,
				27F718191FF2992200B14EE1 /* AppDelegate.swift */,
				27F718221FF2992200B14EE1 /* Assets.xcassets */,
				27F718241FF2992200B14EE1 /* LaunchScreen.storyboard */,
				27F718271FF2992200B14EE1 /* Info.plist */,
			);
			path = Breakpoint;
			sourceTree = "<group>";
		};
		27F7182D1FF299B700B14EE1 /* Controllers */ = {
			isa = PBXGroup;
			children = (
				27F718351FF2C21200B14EE1 /* AuthenticationViewController.swift */,
				27F7183A1FF2C6AF00B14EE1 /* LoginViewController.swift */,
				27F07E581FF3B79D00EB5F69 /* FeedViewController.swift */,
				27F07E5C1FF3B7B900EB5F69 /* GroupsViewController.swift */,
				27F07E671FF3E74D00EB5F69 /* ProfileViewController.swift */,
				27F07E6A1FF3EC9600EB5F69 /* PostMessageViewController.swift */,
				27937ADB1FF46751001A6006 /* CreateGroupViewController.swift */,
			);
			path = Controllers;
			sourceTree = "<group>";
		};
		27F7182E1FF299D100B14EE1 /* Models */ = {
			isa = PBXGroup;
			children = (
				27F07E751FF4095C00EB5F69 /* Message.swift */,
			);
			path = Models;
			sourceTree = "<group>";
		};
		27F7182F1FF299E400B14EE1 /* Extensions */ = {
			isa = PBXGroup;
			children = (
				27F07E771FF4157100EB5F69 /* Controllers */,
				27F07E701FF3F9D500EB5F69 /* UIViewExtension.swift */,
			);
			path = Extensions;
			sourceTree = "<group>";
		};
		27F718301FF29A1600B14EE1 /* Services */ = {
			isa = PBXGroup;
			children = (
				27F718331FF2A22800B14EE1 /* DataService.swift */,
				27F07E541FF3B15A00EB5F69 /* AuthenticationService.swift */,
			);
			path = Services;
			sourceTree = "<group>";
		};
		27F718391FF2C21700B14EE1 /* XIBs */ = {
			isa = PBXGroup;
			children = (
				27F718361FF2C21200B14EE1 /* AuthenticationViewController.xib */,
				27F7183B1FF2C6AF00B14EE1 /* LoginViewController.xib */,
				27F07E6B1FF3EC9600EB5F69 /* PostMessageViewController.xib */,
			);
			path = XIBs;
			sourceTree = "<group>";
		};
		F8EA882DEA122106B80B53E8 /* Frameworks */ = {
			isa = PBXGroup;
			children = (
				6C86655C3A4C87840AB96899 /* Pods_Breakpoint.framework */,
			);
			name = Frameworks;
			sourceTree = "<group>";
		};
		FE954104440F9626C824DED2 /* Pods */ = {
			isa = PBXGroup;
			children = (
				ED6A85F9BDC172A2AD8B0D22 /* Pods-Breakpoint.debug.xcconfig */,
				B173B519C59C0CC4AD45F7E5 /* Pods-Breakpoint.release.xcconfig */,
			);
			name = Pods;
			sourceTree = "<group>";
		};
/* End PBXGroup section */

/* Begin PBXNativeTarget section */
		27F718151FF2992200B14EE1 /* Breakpoint */ = {
			isa = PBXNativeTarget;
			buildConfigurationList = 27F7182A1FF2992200B14EE1 /* Build configuration list for PBXNativeTarget "Breakpoint" */;
			buildPhases = (
				E35B5DBCF3B75F4BBCFD7B64 /* [CP] Check Pods Manifest.lock */,
				27F718121FF2992200B14EE1 /* Sources */,
				27F718131FF2992200B14EE1 /* Frameworks */,
				27F718141FF2992200B14EE1 /* Resources */,
				E00DFEF7B682875494C4BF0D /* [CP] Embed Pods Frameworks */,
				77D2EBB970EFF37E33A26029 /* [CP] Copy Pods Resources */,
			);
			buildRules = (
			);
			dependencies = (
			);
			name = Breakpoint;
			productName = Breakpoint;
			productReference = 27F718161FF2992200B14EE1 /* Breakpoint.app */;
			productType = "com.apple.product-type.application";
		};
/* End PBXNativeTarget section */

/* Begin PBXProject section */
		27F7180E1FF2992200B14EE1 /* Project object */ = {
			isa = PBXProject;
			attributes = {
				LastSwiftUpdateCheck = 0920;
				LastUpgradeCheck = 0920;
				ORGANIZATIONNAME = "Tiago Santos";
				TargetAttributes = {
					27F718151FF2992200B14EE1 = {
						CreatedOnToolsVersion = 9.2;
						ProvisioningStyle = Automatic;
					};
				};
			};
			buildConfigurationList = 27F718111FF2992200B14EE1 /* Build configuration list for PBXProject "Breakpoint" */;
			compatibilityVersion = "Xcode 8.0";
			developmentRegion = en;
			hasScannedForEncodings = 0;
			knownRegions = (
				en,
				Base,
			);
			mainGroup = 27F7180D1FF2992200B14EE1;
			productRefGroup = 27F718171FF2992200B14EE1 /* Products */;
			projectDirPath = "";
			projectRoot = "";
			targets = (
				27F718151FF2992200B14EE1 /* Breakpoint */,
			);
		};
/* End PBXProject section */

/* Begin PBXResourcesBuildPhase section */
		27F718141FF2992200B14EE1 /* Resources */ = {
			isa = PBXResourcesBuildPhase;
			buildActionMask = 2147483647;
			files = (
				27F718381FF2C21200B14EE1 /* AuthenticationViewController.xib in Resources */,
				27F07E6D1FF3EC9600EB5F69 /* PostMessageViewController.xib in Resources */,
				27F718261FF2992200B14EE1 /* LaunchScreen.storyboard in Resources */,
				27F07E621FF3C12400EB5F69 /* FirstStoryboard.storyboard in Resources */,
				27F7183D1FF2C6AF00B14EE1 /* LoginViewController.xib in Resources */,
				27F718321FF29BAF00B14EE1 /* GoogleService-Info.plist in Resources */,
				27F718231FF2992200B14EE1 /* Assets.xcassets in Resources */,
			);
			runOnlyForDeploymentPostprocessing = 0;
		};
/* End PBXResourcesBuildPhase section */

/* Begin PBXShellScriptBuildPhase section */
		77D2EBB970EFF37E33A26029 /* [CP] Copy Pods Resources */ = {
			isa = PBXShellScriptBuildPhase;
			buildActionMask = 2147483647;
			files = (
			);
			inputPaths = (
			);
			name = "[CP] Copy Pods Resources";
			outputPaths = (
			);
			runOnlyForDeploymentPostprocessing = 0;
			shellPath = /bin/sh;
			shellScript = "\"${SRCROOT}/Pods/Target Support Files/Pods-Breakpoint/Pods-Breakpoint-resources.sh\"\n";
			showEnvVarsInLog = 0;
		};
		E00DFEF7B682875494C4BF0D /* [CP] Embed Pods Frameworks */ = {
			isa = PBXShellScriptBuildPhase;
			buildActionMask = 2147483647;
			files = (
			);
			inputPaths = (
			);
			name = "[CP] Embed Pods Frameworks";
			outputPaths = (
			);
			runOnlyForDeploymentPostprocessing = 0;
			shellPath = /bin/sh;
			shellScript = "\"${SRCROOT}/Pods/Target Support Files/Pods-Breakpoint/Pods-Breakpoint-frameworks.sh\"\n";
			showEnvVarsInLog = 0;
		};
		E35B5DBCF3B75F4BBCFD7B64 /* [CP] Check Pods Manifest.lock */ = {
			isa = PBXShellScriptBuildPhase;
			buildActionMask = 2147483647;
			files = (
			);
			inputPaths = (
			);
			name = "[CP] Check Pods Manifest.lock";
			outputPaths = (
			);
			runOnlyForDeploymentPostprocessing = 0;
			shellPath = /bin/sh;
			shellScript = "diff \"${PODS_ROOT}/../Podfile.lock\" \"${PODS_ROOT}/Manifest.lock\" > /dev/null\nif [ $? != 0 ] ; then\n    # print error to STDERR\n    echo \"error: The sandbox is not in sync with the Podfile.lock. Run 'pod install' or update your CocoaPods installation.\" >&2\n    exit 1\nfi\n";
			showEnvVarsInLog = 0;
		};
/* End PBXShellScriptBuildPhase section */

/* Begin PBXSourcesBuildPhase section */
		27F718121FF2992200B14EE1 /* Sources */ = {
			isa = PBXSourcesBuildPhase;
			buildActionMask = 2147483647;
			files = (
				279FBCB91FF7065E00D310A3 /* GroupCell.swift in Sources */,
				27F07E711FF3F9D500EB5F69 /* UIViewExtension.swift in Sources */,
				27F07E6F1FF3F6C300EB5F69 /* PostMessageViewControllerExtension.swift in Sources */,
				27372F7B1FF31E3900944197 /* ShadowView.swift in Sources */,
				27F07E761FF4095C00EB5F69 /* Message.swift in Sources */,
				27F07E791FF4158900EB5F69 /* FeedViewControllerExtension.swift in Sources */,
				27F07E5A1FF3B79D00EB5F69 /* FeedViewController.swift in Sources */,
				273C604B1FF6D4A10020F201 /* UserCell.swift in Sources */,
				27F7183C1FF2C6AF00B14EE1 /* LoginViewController.swift in Sources */,
				27F7181A1FF2992200B14EE1 /* AppDelegate.swift in Sources */,
				27F07E5E1FF3B7B900EB5F69 /* GroupsViewController.swift in Sources */,
				27F718371FF2C21200B14EE1 /* AuthenticationViewController.swift in Sources */,
				279FBCBB1FF7073800D310A3 /* GroupsViewControllerExtension.swift in Sources */,
				27F07E681FF3E74D00EB5F69 /* ProfileViewController.swift in Sources */,
				273C604E1FF6DDE90020F201 /* CreateGroupViewControllerExtension.swift in Sources */,
				27F07E731FF4007500EB5F69 /* FeedTableViewCell.swift in Sources */,
				27372F751FF3041900944197 /* InsetTextField.swift in Sources */,
				27F718341FF2A22800B14EE1 /* DataService.swift in Sources */,
				27937ADC1FF46751001A6006 /* CreateGroupViewController.swift in Sources */,
				27F07E6C1FF3EC9600EB5F69 /* PostMessageViewController.swift in Sources */,
				27F07E641FF3DAC800EB5F69 /* LoginViewControllerExtension.swift in Sources */,
				27F07E551FF3B15A00EB5F69 /* AuthenticationService.swift in Sources */,
			);
			runOnlyForDeploymentPostprocessing = 0;
		};
/* End PBXSourcesBuildPhase section */

/* Begin PBXVariantGroup section */
		27F718241FF2992200B14EE1 /* LaunchScreen.storyboard */ = {
			isa = PBXVariantGroup;
			children = (
				27F718251FF2992200B14EE1 /* Base */,
			);
			name = LaunchScreen.storyboard;
			sourceTree = "<group>";
		};
/* End PBXVariantGroup section */

/* Begin XCBuildConfiguration section */
		27F718281FF2992200B14EE1 /* Debug */ = {
			isa = XCBuildConfiguration;
			buildSettings = {
				ALWAYS_SEARCH_USER_PATHS = NO;
				CLANG_ANALYZER_NONNULL = YES;
				CLANG_ANALYZER_NUMBER_OBJECT_CONVERSION = YES_AGGRESSIVE;
				CLANG_CXX_LANGUAGE_STANDARD = "gnu++14";
				CLANG_CXX_LIBRARY = "libc++";
				CLANG_ENABLE_MODULES = YES;
				CLANG_ENABLE_OBJC_ARC = YES;
				CLANG_WARN_BLOCK_CAPTURE_AUTORELEASING = YES;
				CLANG_WARN_BOOL_CONVERSION = YES;
				CLANG_WARN_COMMA = YES;
				CLANG_WARN_CONSTANT_CONVERSION = YES;
				CLANG_WARN_DIRECT_OBJC_ISA_USAGE = YES_ERROR;
				CLANG_WARN_DOCUMENTATION_COMMENTS = YES;
				CLANG_WARN_EMPTY_BODY = YES;
				CLANG_WARN_ENUM_CONVERSION = YES;
				CLANG_WARN_INFINITE_RECURSION = YES;
				CLANG_WARN_INT_CONVERSION = YES;
				CLANG_WARN_NON_LITERAL_NULL_CONVERSION = YES;
				CLANG_WARN_OBJC_LITERAL_CONVERSION = YES;
				CLANG_WARN_OBJC_ROOT_CLASS = YES_ERROR;
				CLANG_WARN_RANGE_LOOP_ANALYSIS = YES;
				CLANG_WARN_STRICT_PROTOTYPES = YES;
				CLANG_WARN_SUSPICIOUS_MOVE = YES;
				CLANG_WARN_UNGUARDED_AVAILABILITY = YES_AGGRESSIVE;
				CLANG_WARN_UNREACHABLE_CODE = YES;
				CLANG_WARN__DUPLICATE_METHOD_MATCH = YES;
				CODE_SIGN_IDENTITY = "iPhone Developer";
				COPY_PHASE_STRIP = NO;
				DEBUG_INFORMATION_FORMAT = dwarf;
				ENABLE_STRICT_OBJC_MSGSEND = YES;
				ENABLE_TESTABILITY = YES;
				GCC_C_LANGUAGE_STANDARD = gnu11;
				GCC_DYNAMIC_NO_PIC = NO;
				GCC_NO_COMMON_BLOCKS = YES;
				GCC_OPTIMIZATION_LEVEL = 0;
				GCC_PREPROCESSOR_DEFINITIONS = (
					"DEBUG=1",
					"$(inherited)",
				);
				GCC_WARN_64_TO_32_BIT_CONVERSION = YES;
				GCC_WARN_ABOUT_RETURN_TYPE = YES_ERROR;
				GCC_WARN_UNDECLARED_SELECTOR = YES;
				GCC_WARN_UNINITIALIZED_AUTOS = YES_AGGRESSIVE;
				GCC_WARN_UNUSED_FUNCTION = YES;
				GCC_WARN_UNUSED_VARIABLE = YES;
				IPHONEOS_DEPLOYMENT_TARGET = 11.2;
				MTL_ENABLE_DEBUG_INFO = YES;
				ONLY_ACTIVE_ARCH = YES;
				SDKROOT = iphoneos;
				SWIFT_ACTIVE_COMPILATION_CONDITIONS = DEBUG;
				SWIFT_OPTIMIZATION_LEVEL = "-Onone";
			};
			name = Debug;
		};
		27F718291FF2992200B14EE1 /* Release */ = {
			isa = XCBuildConfiguration;
			buildSettings = {
				ALWAYS_SEARCH_USER_PATHS = NO;
				CLANG_ANALYZER_NONNULL = YES;
				CLANG_ANALYZER_NUMBER_OBJECT_CONVERSION = YES_AGGRESSIVE;
				CLANG_CXX_LANGUAGE_STANDARD = "gnu++14";
				CLANG_CXX_LIBRARY = "libc++";
				CLANG_ENABLE_MODULES = YES;
				CLANG_ENABLE_OBJC_ARC = YES;
				CLANG_WARN_BLOCK_CAPTURE_AUTORELEASING = YES;
				CLANG_WARN_BOOL_CONVERSION = YES;
				CLANG_WARN_COMMA = YES;
				CLANG_WARN_CONSTANT_CONVERSION = YES;
				CLANG_WARN_DIRECT_OBJC_ISA_USAGE = YES_ERROR;
				CLANG_WARN_DOCUMENTATION_COMMENTS = YES;
				CLANG_WARN_EMPTY_BODY = YES;
				CLANG_WARN_ENUM_CONVERSION = YES;
				CLANG_WARN_INFINITE_RECURSION = YES;
				CLANG_WARN_INT_CONVERSION = YES;
				CLANG_WARN_NON_LITERAL_NULL_CONVERSION = YES;
				CLANG_WARN_OBJC_LITERAL_CONVERSION = YES;
				CLANG_WARN_OBJC_ROOT_CLASS = YES_ERROR;
				CLANG_WARN_RANGE_LOOP_ANALYSIS = YES;
				CLANG_WARN_STRICT_PROTOTYPES = YES;
				CLANG_WARN_SUSPICIOUS_MOVE = YES;
				CLANG_WARN_UNGUARDED_AVAILABILITY = YES_AGGRESSIVE;
				CLANG_WARN_UNREACHABLE_CODE = YES;
				CLANG_WARN__DUPLICATE_METHOD_MATCH = YES;
				CODE_SIGN_IDENTITY = "iPhone Developer";
				COPY_PHASE_STRIP = NO;
				DEBUG_INFORMATION_FORMAT = "dwarf-with-dsym";
				ENABLE_NS_ASSERTIONS = NO;
				ENABLE_STRICT_OBJC_MSGSEND = YES;
				GCC_C_LANGUAGE_STANDARD = gnu11;
				GCC_NO_COMMON_BLOCKS = YES;
				GCC_WARN_64_TO_32_BIT_CONVERSION = YES;
				GCC_WARN_ABOUT_RETURN_TYPE = YES_ERROR;
				GCC_WARN_UNDECLARED_SELECTOR = YES;
				GCC_WARN_UNINITIALIZED_AUTOS = YES_AGGRESSIVE;
				GCC_WARN_UNUSED_FUNCTION = YES;
				GCC_WARN_UNUSED_VARIABLE = YES;
				IPHONEOS_DEPLOYMENT_TARGET = 11.2;
				MTL_ENABLE_DEBUG_INFO = NO;
				SDKROOT = iphoneos;
				SWIFT_OPTIMIZATION_LEVEL = "-Owholemodule";
				VALIDATE_PRODUCT = YES;
			};
			name = Release;
		};
		27F7182B1FF2992200B14EE1 /* Debug */ = {
			isa = XCBuildConfiguration;
			baseConfigurationReference = ED6A85F9BDC172A2AD8B0D22 /* Pods-Breakpoint.debug.xcconfig */;
			buildSettings = {
				ASSETCATALOG_COMPILER_APPICON_NAME = AppIcon;
				CODE_SIGN_STYLE = Automatic;
				DEVELOPMENT_TEAM = 64E8842TP6;
				INFOPLIST_FILE = Breakpoint/Info.plist;
				LD_RUNPATH_SEARCH_PATHS = "$(inherited) @executable_path/Frameworks";
				PRODUCT_BUNDLE_IDENTIFIER = "Tiago-Santos.Breakpoint";
				PRODUCT_NAME = "$(TARGET_NAME)";
				SWIFT_VERSION = 4.0;
				TARGETED_DEVICE_FAMILY = "1,2";
			};
			name = Debug;
		};
		27F7182C1FF2992200B14EE1 /* Release */ = {
			isa = XCBuildConfiguration;
			baseConfigurationReference = B173B519C59C0CC4AD45F7E5 /* Pods-Breakpoint.release.xcconfig */;
			buildSettings = {
				ASSETCATALOG_COMPILER_APPICON_NAME = AppIcon;
				CODE_SIGN_STYLE = Automatic;
				DEVELOPMENT_TEAM = 64E8842TP6;
				INFOPLIST_FILE = Breakpoint/Info.plist;
				LD_RUNPATH_SEARCH_PATHS = "$(inherited) @executable_path/Frameworks";
				PRODUCT_BUNDLE_IDENTIFIER = "Tiago-Santos.Breakpoint";
				PRODUCT_NAME = "$(TARGET_NAME)";
				SWIFT_VERSION = 4.0;
				TARGETED_DEVICE_FAMILY = "1,2";
			};
			name = Release;
		};
/* End XCBuildConfiguration section */

/* Begin XCConfigurationList section */
		27F718111FF2992200B14EE1 /* Build configuration list for PBXProject "Breakpoint" */ = {
			isa = XCConfigurationList;
			buildConfigurations = (
				27F718281FF2992200B14EE1 /* Debug */,
				27F718291FF2992200B14EE1 /* Release */,
			);
			defaultConfigurationIsVisible = 0;
			defaultConfigurationName = Release;
		};
		27F7182A1FF2992200B14EE1 /* Build configuration list for PBXNativeTarget "Breakpoint" */ = {
			isa = XCConfigurationList;
			buildConfigurations = (
				27F7182B1FF2992200B14EE1 /* Debug */,
				27F7182C1FF2992200B14EE1 /* Release */,
			);
			defaultConfigurationIsVisible = 0;
			defaultConfigurationName = Release;
		};
/* End XCConfigurationList section */
	};
	rootObject = 27F7180E1FF2992200B14EE1 /* Project object */;
}
